
Microsoft Visual Studio Solution File, Format Version 12.00
# Visual Studio Version 16
VisualStudioVersion = 16.0.32413.511
MinimumVisualStudioVersion = 10.0.40219.1
Project("{9A19103F-16F7-4668-BE54-9A1E7A4F7556}") = "SkillTrackerService", "SkillTrackerService\SkillTrackerService.csproj", "{FCFDF232-62F0-4D2E-B582-33E56D8B768B}"
EndProject
Project("{FAE04EC0-301F-11D3-BF4B-00C04F79EFBC}") = "SkillTrackerService.Tests", "SkillTrackerService.Tests\SkillTrackerService.Tests.csproj", "{379F32EF-6ED6-401C-920C-A1AB734257CD}"
EndProject
Global
	GlobalSection(SolutionConfigurationPlatforms) = preSolution
		Debug|Any CPU = Debug|Any CPU
		Release|Any CPU = Release|Any CPU
	EndGlobalSection
	GlobalSection(ProjectConfigurationPlatforms) = postSolution
		{FCFDF232-62F0-4D2E-B582-33E56D8B768B}.Debug|Any CPU.ActiveCfg = Debug|Any CPU
		{FCFDF232-62F0-4D2E-B582-33E56D8B768B}.Debug|Any CPU.Build.0 = Debug|Any CPU
		{FCFDF232-62F0-4D2E-B582-33E56D8B768B}.Release|Any CPU.ActiveCfg = Release|Any CPU
		{FCFDF232-62F0-4D2E-B582-33E56D8B768B}.Release|Any CPU.Build.0 = Release|Any CPU
		{379F32EF-6ED6-401C-920C-A1AB734257CD}.Debug|Any CPU.ActiveCfg = Debug|Any CPU
		{379F32EF-6ED6-401C-920C-A1AB734257CD}.Debug|Any CPU.Build.0 = Debug|Any CPU
		{379F32EF-6ED6-401C-920C-A1AB734257CD}.Release|Any CPU.ActiveCfg = Release|Any CPU
		{379F32EF-6ED6-401C-920C-A1AB734257CD}.Release|Any CPU.Build.0 = Release|Any CPU
	EndGlobalSection
	GlobalSection(SolutionProperties) = preSolution
		HideSolutionNode = FALSE
	EndGlobalSection
	GlobalSection(ExtensibilityGlobals) = postSolution
		SolutionGuid = {0415C690-899B-4DDF-A179-2E2B7B2351FF}
	EndGlobalSection
EndGlobal
